
Microsoft Visual Studio Solution File, Format Version 12.00
# Visual Studio 15
Project("{FAE04EC0-301F-11D3-BF4B-00C04F79EFBC}") = "Unity.XR.Interaction.Toolkit.Samples.StarterAssets", "Unity.XR.Interaction.Toolkit.Samples.StarterAssets.csproj", "{59D82C90-4EB2-0FD7-0766-DE1BAFA52668}"
EndProject
Project("{FAE04EC0-301F-11D3-BF4B-00C04F79EFBC}") = "Assembly-CSharp", "Assembly-CSharp.csproj", "{BCB2AA2A-F10A-B6F6-6303-0D7E38648A2C}"
EndProject
Project("{FAE04EC0-301F-11D3-BF4B-00C04F79EFBC}") = "Unity.XR.Interaction.Toolkit.Samples.DeviceSimulator", "Unity.XR.Interaction.Toolkit.Samples.DeviceSimulator.csproj", "{F3EE63FF-B786-B873-048D-686B48E7FA25}"
EndProject
Project("{FAE04EC0-301F-11D3-BF4B-00C04F79EFBC}") = "Unity.XR.Interaction.Toolkit.Samples.StarterAssets.Editor", "Unity.XR.Interaction.Toolkit.Samples.StarterAssets.Editor.csproj", "{B59AF43C-2EA7-DA7B-54AE-D609CDBEE5A2}"
EndProject
Global
	GlobalSection(SolutionConfigurationPlatforms) = preSolution
		Debug|Any CPU = Debug|Any CPU
		Release|Any CPU = Release|Any CPU
	EndGlobalSection
	GlobalSection(ProjectConfigurationPlatforms) = postSolution
		{59D82C90-4EB2-0FD7-0766-DE1BAFA52668}.Debug|Any CPU.ActiveCfg = Debug|Any CPU
		{59D82C90-4EB2-0FD7-0766-DE1BAFA52668}.Debug|Any CPU.Build.0 = Debug|Any CPU
		{59D82C90-4EB2-0FD7-0766-DE1BAFA52668}.Release|Any CPU.ActiveCfg = Release|Any CPU
		{59D82C90-4EB2-0FD7-0766-DE1BAFA52668}.Release|Any CPU.Build.0 = Release|Any CPU
		{BCB2AA2A-F10A-B6F6-6303-0D7E38648A2C}.Debug|Any CPU.ActiveCfg = Debug|Any CPU
		{BCB2AA2A-F10A-B6F6-6303-0D7E38648A2C}.Debug|Any CPU.Build.0 = Debug|Any CPU
		{BCB2AA2A-F10A-B6F6-6303-0D7E38648A2C}.Release|Any CPU.ActiveCfg = Release|Any CPU
		{BCB2AA2A-F10A-B6F6-6303-0D7E38648A2C}.Release|Any CPU.Build.0 = Release|Any CPU
		{F3EE63FF-B786-B873-048D-686B48E7FA25}.Debug|Any CPU.ActiveCfg = Debug|Any CPU
		{F3EE63FF-B786-B873-048D-686B48E7FA25}.Debug|Any CPU.Build.0 = Debug|Any CPU
		{F3EE63FF-B786-B873-048D-686B48E7FA25}.Release|Any CPU.ActiveCfg = Release|Any CPU
		{F3EE63FF-B786-B873-048D-686B48E7FA25}.Release|Any CPU.Build.0 = Release|Any CPU
		{B59AF43C-2EA7-DA7B-54AE-D609CDBEE5A2}.Debug|Any CPU.ActiveCfg = Debug|Any CPU
		{B59AF43C-2EA7-DA7B-54AE-D609CDBEE5A2}.Debug|Any CPU.Build.0 = Debug|Any CPU
		{B59AF43C-2EA7-DA7B-54AE-D609CDBEE5A2}.Release|Any CPU.ActiveCfg = Release|Any CPU
		{B59AF43C-2EA7-DA7B-54AE-D609CDBEE5A2}.Release|Any CPU.Build.0 = Release|Any CPU
	EndGlobalSection
	GlobalSection(SolutionProperties) = preSolution
		HideSolutionNode = FALSE
	EndGlobalSection
EndGlobal
